
Microsoft Visual Studio Solution File, Format Version 12.00
# Visual Studio 15
VisualStudioVersion = 15.0.27703.2026
MinimumVisualStudioVersion = 10.0.40219.1
Project("{9092AA53-FB77-4645-B42D-1CCCA6BD08BD}") = "PubSubToCloudSQLPrototype", "PubSubToCloudSQLPrototype\PubSubToCloudSQLPrototype.njsproj", "{D547C7CB-E162-4E13-BF61-25E5E42F9978}"
EndProject
Global
	GlobalSection(SolutionConfigurationPlatforms) = preSolution
		Debug|Any CPU = Debug|Any CPU
		Release|Any CPU = Release|Any CPU
	EndGlobalSection
	GlobalSection(ProjectConfigurationPlatforms) = postSolution
		{D547C7CB-E162-4E13-BF61-25E5E42F9978}.Debug|Any CPU.ActiveCfg = Debug|Any CPU
		{D547C7CB-E162-4E13-BF61-25E5E42F9978}.Debug|Any CPU.Build.0 = Debug|Any CPU
		{D547C7CB-E162-4E13-BF61-25E5E42F9978}.Release|Any CPU.ActiveCfg = Release|Any CPU
		{D547C7CB-E162-4E13-BF61-25E5E42F9978}.Release|Any CPU.Build.0 = Release|Any CPU
	EndGlobalSection
	GlobalSection(SolutionProperties) = preSolution
		HideSolutionNode = FALSE
	EndGlobalSection
	GlobalSection(ExtensibilityGlobals) = postSolution
		SolutionGuid = {F7ADC195-8048-4995-961E-5D685AD1BA8E}
	EndGlobalSection
EndGlobal
